<?xml version="1.0" encoding="utf-8"?>
<Project ToolsVersion="4.0" xmlns="http://schemas.microsoft.com/developer/msbuild/2003">
  <ItemGroup>
    <ClCompile Include="Sources/Main.cpp">
      <Filter>Sources</Filter>
    </ClCompile>
  </ItemGroup>
  <ItemGroup>
    <Image Include="Resources\background.png">
      <Filter>Resources</Filter>
    </Image>
    <Image Include="Resources\platform.png">
      <Filter>Resources</Filter>
    </Image>
    <Image Include="Resources\doodle1.png">
      <Filter>Resources</Filter>
    </Image>
    <Image Include="Resources\doodle2.png">
      <Filter>Resources</Filter>
    </Image>
  </ItemGroup>
  <ItemGroup>
    <Filter Include="Resources">
      <UniqueIdentifier>{ec0eed19-df36-4edf-b807-d6c4ac9b47a2}</UniqueIdentifier>
    </Filter>
    <Filter Include="Sources">
      <UniqueIdentifier>{7181af88-7337-4918-909a-184be1925695}</UniqueIdentifier>
    </Filter>
  </ItemGroup>
</Project>